
Microsoft Visual Studio Solution File, Format Version 12.00
# Visual Studio Version 17
VisualStudioVersion = 17.0.32014.148
MinimumVisualStudioVersion = 10.0.40219.1
Project("{FAE04EC0-301F-11D3-BF4B-00C04F79EFBC}") = "EFSoft.Shared.Cqrs", "EFSoft.Shared.Cqrs\EFSoft.Shared.Cqrs.csproj", "{5BE1A91B-9CD7-4963-9DC2-DA13358DD2FA}"
EndProject
Project("{FAE04EC0-301F-11D3-BF4B-00C04F79EFBC}") = "EFSoft.Shared.Cqrs.UnitTests", "EFSoft.Shared.Cqrs.UnitTests\EFSoft.Shared.Cqrs.UnitTests.csproj", "{58B03FAE-913A-4BC1-8052-B54DB29A2641}"
EndProject
Global
	GlobalSection(SolutionConfigurationPlatforms) = preSolution
		Debug|Any CPU = Debug|Any CPU
		Release|Any CPU = Release|Any CPU
	EndGlobalSection
	GlobalSection(ProjectConfigurationPlatforms) = postSolution
		{5BE1A91B-9CD7-4963-9DC2-DA13358DD2FA}.Debug|Any CPU.ActiveCfg = Debug|Any CPU
		{5BE1A91B-9CD7-4963-9DC2-DA13358DD2FA}.Debug|Any CPU.Build.0 = Debug|Any CPU
		{5BE1A91B-9CD7-4963-9DC2-DA13358DD2FA}.Release|Any CPU.ActiveCfg = Release|Any CPU
		{5BE1A91B-9CD7-4963-9DC2-DA13358DD2FA}.Release|Any CPU.Build.0 = Release|Any CPU
		{58B03FAE-913A-4BC1-8052-B54DB29A2641}.Debug|Any CPU.ActiveCfg = Debug|Any CPU
		{58B03FAE-913A-4BC1-8052-B54DB29A2641}.Debug|Any CPU.Build.0 = Debug|Any CPU
		{58B03FAE-913A-4BC1-8052-B54DB29A2641}.Release|Any CPU.ActiveCfg = Release|Any CPU
		{58B03FAE-913A-4BC1-8052-B54DB29A2641}.Release|Any CPU.Build.0 = Release|Any CPU
	EndGlobalSection
	GlobalSection(SolutionProperties) = preSolution
		HideSolutionNode = FALSE
	EndGlobalSection
	GlobalSection(ExtensibilityGlobals) = postSolution
		SolutionGuid = {6C129ABE-D428-4F26-A992-1EF78ECEF896}
	EndGlobalSection
EndGlobal
